// !$*UTF8*$!
{
	archiveVersion = 1;
	classes = {
	};
	objectVersion = 50;
	objects = {

/* Begin PBXBuildFile section */
		08447CAA22157DA30008A1EA /* AppDelegate.swift in Sources */ = {isa = PBXBuildFile; fileRef = 08447CA922157DA30008A1EA /* AppDelegate.swift */; };
		08447CAC22157DA30008A1EA /* ChecklistViewController.swift in Sources */ = {isa = PBXBuildFile; fileRef = 08447CAB22157DA30008A1EA /* ChecklistViewController.swift */; };
		08447CAF22157DA30008A1EA /* Main.storyboard in Resources */ = {isa = PBXBuildFile; fileRef = 08447CAD22157DA30008A1EA /* Main.storyboard */; };
		08447CB122157DA40008A1EA /* Assets.xcassets in Resources */ = {isa = PBXBuildFile; fileRef = 08447CB022157DA40008A1EA /* Assets.xcassets */; };
		08447CB422157DA40008A1EA /* LaunchScreen.storyboard in Resources */ = {isa = PBXBuildFile; fileRef = 08447CB222157DA40008A1EA /* LaunchScreen.storyboard */; };
		08447CBF2215A15F0008A1EA /* ChecklistItem.swift in Sources */ = {isa = PBXBuildFile; fileRef = 08447CBE2215A15F0008A1EA /* ChecklistItem.swift */; };
		086AFABC221E9C80009864C6 /* AddItemViewController.swift in Sources */ = {isa = PBXBuildFile; fileRef = 086AFABB221E9C80009864C6 /* AddItemViewController.swift */; };
		086AFABE221EDDD8009864C6 /* SegueHandlerType.swift in Sources */ = {isa = PBXBuildFile; fileRef = 086AFABD221EDDD8009864C6 /* SegueHandlerType.swift */; };
		086AFAC0221EFBE0009864C6 /* ChecklistItemCell.swift in Sources */ = {isa = PBXBuildFile; fileRef = 086AFABF221EFBE0009864C6 /* ChecklistItemCell.swift */; };
/* End PBXBuildFile section */

/* Begin PBXFileReference section */
		08447CA622157DA30008A1EA /* Checklists.app */ = {isa = PBXFileReference; explicitFileType = wrapper.application; includeInIndex = 0; path = Checklists.app; sourceTree = BUILT_PRODUCTS_DIR; };
		08447CA922157DA30008A1EA /* AppDelegate.swift */ = {isa = PBXFileReference; lastKnownFileType = sourcecode.swift; path = AppDelegate.swift; sourceTree = "<group>"; };
		08447CAB22157DA30008A1EA /* ChecklistViewController.swift */ = {isa = PBXFileReference; lastKnownFileType = sourcecode.swift; path = ChecklistViewController.swift; sourceTree = "<group>"; };
		08447CAE22157DA30008A1EA /* Base */ = {isa = PBXFileReference; lastKnownFileType = file.storyboard; name = Base; path = Base.lproj/Main.storyboard; sourceTree = "<group>"; };
		08447CB022157DA40008A1EA /* Assets.xcassets */ = {isa = PBXFileReference; lastKnownFileType = folder.assetcatalog; path = Assets.xcassets; sourceTree = "<group>"; };
		08447CB322157DA40008A1EA /* Base */ = {isa = PBXFileReference; lastKnownFileType = file.storyboard; name = Base; path = Base.lproj/LaunchScreen.storyboard; sourceTree = "<group>"; };
		08447CB522157DA40008A1EA /* Info.plist */ = {isa = PBXFileReference; lastKnownFileType = text.plist.xml; path = Info.plist; sourceTree = "<group>"; };
		08447CBE2215A15F0008A1EA /* ChecklistItem.swift */ = {isa = PBXFileReference; lastKnownFileType = sourcecode.swift; path = ChecklistItem.swift; sourceTree = "<group>"; };
		086AFABB221E9C80009864C6 /* AddItemViewController.swift */ = {isa = PBXFileReference; lastKnownFileType = sourcecode.swift; path = AddItemViewController.swift; sourceTree = "<group>"; };
		086AFABD221EDDD8009864C6 /* SegueHandlerType.swift */ = {isa = PBXFileReference; lastKnownFileType = sourcecode.swift; path = SegueHandlerType.swift; sourceTree = "<group>"; };
		086AFABF221EFBE0009864C6 /* ChecklistItemCell.swift */ = {isa = PBXFileReference; lastKnownFileType = sourcecode.swift; path = ChecklistItemCell.swift; sourceTree = "<group>"; };
/* End PBXFileReference section */

/* Begin PBXFrameworksBuildPhase section */
		08447CA322157DA30008A1EA /* Frameworks */ = {
			isa = PBXFrameworksBuildPhase;
			buildActionMask = 2147483647;
			files = (
			);
			runOnlyForDeploymentPostprocessing = 0;
		};
/* End PBXFrameworksBuildPhase section */

/* Begin PBXGroup section */
		08447C9D22157DA30008A1EA = {
			isa = PBXGroup;
			children = (
				08447CA822157DA30008A1EA /* Checklists */,
				08447CA722157DA30008A1EA /* Products */,
			);
			sourceTree = "<group>";
		};
		08447CA722157DA30008A1EA /* Products */ = {
			isa = PBXGroup;
			children = (
				08447CA622157DA30008A1EA /* Checklists.app */,
			);
			name = Products;
			sourceTree = "<group>";
		};
		08447CA822157DA30008A1EA /* Checklists */ = {
			isa = PBXGroup;
			children = (
				08447CBD2215A07E0008A1EA /* Controllers */,
				08447CBC2215A0620008A1EA /* Models */,
				08447CBB2215A05B0008A1EA /* Views */,
				08447CA922157DA30008A1EA /* AppDelegate.swift */,
				08447CB022157DA40008A1EA /* Assets.xcassets */,
				08447CB522157DA40008A1EA /* Info.plist */,
				086AFABD221EDDD8009864C6 /* SegueHandlerType.swift */,
			);
			path = Checklists;
			sourceTree = "<group>";
		};
		08447CBB2215A05B0008A1EA /* Views */ = {
			isa = PBXGroup;
			children = (
				08447CB222157DA40008A1EA /* LaunchScreen.storyboard */,
				08447CAD22157DA30008A1EA /* Main.storyboard */,
			);
			path = Views;
			sourceTree = "<group>";
		};
		08447CBC2215A0620008A1EA /* Models */ = {
			isa = PBXGroup;
			children = (
				08447CBE2215A15F0008A1EA /* ChecklistItem.swift */,
			);
			path = Models;
			sourceTree = "<group>";
		};
		08447CBD2215A07E0008A1EA /* Controllers */ = {
			isa = PBXGroup;
			children = (
				086AFABF221EFBE0009864C6 /* ChecklistItemCell.swift */,
				08447CAB22157DA30008A1EA /* ChecklistViewController.swift */,
				086AFABB221E9C80009864C6 /* AddItemViewController.swift */,
			);
			path = Controllers;
			sourceTree = "<group>";
		};
/* End PBXGroup section */

/* Begin PBXNativeTarget section */
		08447CA522157DA30008A1EA /* Checklists */ = {
			isa = PBXNativeTarget;
			buildConfigurationList = 08447CB822157DA40008A1EA /* Build configuration list for PBXNativeTarget "Checklists" */;
			buildPhases = (
				08447CA222157DA30008A1EA /* Sources */,
				08447CA322157DA30008A1EA /* Frameworks */,
				08447CA422157DA30008A1EA /* Resources */,
			);
			buildRules = (
			);
			dependencies = (
			);
			name = Checklists;
			productName = Checklists;
			productReference = 08447CA622157DA30008A1EA /* Checklists.app */;
			productType = "com.apple.product-type.application";
		};
/* End PBXNativeTarget section */

/* Begin PBXProject section */
		08447C9E22157DA30008A1EA /* Project object */ = {
			isa = PBXProject;
			attributes = {
				LastSwiftUpdateCheck = 1010;
				LastUpgradeCheck = 1010;
				ORGANIZATIONNAME = lpiem;
				TargetAttributes = {
					08447CA522157DA30008A1EA = {
						CreatedOnToolsVersion = 10.1;
					};
				};
			};
			buildConfigurationList = 08447CA122157DA30008A1EA /* Build configuration list for PBXProject "Checklists" */;
			compatibilityVersion = "Xcode 9.3";
			developmentRegion = en;
			hasScannedForEncodings = 0;
			knownRegions = (
				en,
				Base,
			);
			mainGroup = 08447C9D22157DA30008A1EA;
			productRefGroup = 08447CA722157DA30008A1EA /* Products */;
			projectDirPath = "";
			projectRoot = "";
			targets = (
				08447CA522157DA30008A1EA /* Checklists */,
			);
		};
/* End PBXProject section */

/* Begin PBXResourcesBuildPhase section */
		08447CA422157DA30008A1EA /* Resources */ = {
			isa = PBXResourcesBuildPhase;
			buildActionMask = 2147483647;
			files = (
				08447CB422157DA40008A1EA /* LaunchScreen.storyboard in Resources */,
				08447CB122157DA40008A1EA /* Assets.xcassets in Resources */,
				08447CAF22157DA30008A1EA /* Main.storyboard in Resources */,
			);
			runOnlyForDeploymentPostprocessing = 0;
		};
/* End PBXResourcesBuildPhase section */

/* Begin PBXSourcesBuildPhase section */
		08447CA222157DA30008A1EA /* Sources */ = {
			isa = PBXSourcesBuildPhase;
			buildActionMask = 2147483647;
			files = (
				08447CAC22157DA30008A1EA /* ChecklistViewController.swift in Sources */,
				086AFABC221E9C80009864C6 /* AddItemViewController.swift in Sources */,
				086AFABE221EDDD8009864C6 /* SegueHandlerType.swift in Sources */,
				086AFAC0221EFBE0009864C6 /* ChecklistItemCell.swift in Sources */,
				08447CBF2215A15F0008A1EA /* ChecklistItem.swift in Sources */,
				08447CAA22157DA30008A1EA /* AppDelegate.swift in Sources */,
			);
			runOnlyForDeploymentPostprocessing = 0;
		};
/* End PBXSourcesBuildPhase section */

/* Begin PBXVariantGroup section */
		08447CAD22157DA30008A1EA /* Main.storyboard */ = {
			isa = PBXVariantGroup;
			children = (
				08447CAE22157DA30008A1EA /* Base */,
			);
			name = Main.storyboard;
			sourceTree = "<group>";
		};
		08447CB222157DA40008A1EA /* LaunchScreen.storyboard */ = {
			isa = PBXVariantGroup;
			children = (
				08447CB322157DA40008A1EA /* Base */,
			);
			name = LaunchScreen.storyboard;
			sourceTree = "<group>";
		};
/* End PBXVariantGroup section */

/* Begin XCBuildConfiguration section */
		08447CB622157DA40008A1EA /* Debug */ = {
			isa = XCBuildConfiguration;
			buildSettings = {
				ALWAYS_SEARCH_USER_PATHS = NO;
				CLANG_ANALYZER_NONNULL = YES;
				CLANG_ANALYZER_NUMBER_OBJECT_CONVERSION = YES_AGGRESSIVE;
				CLANG_CXX_LANGUAGE_STANDARD = "gnu++14";
				CLANG_CXX_LIBRARY = "libc++";
				CLANG_ENABLE_MODULES = YES;
				CLANG_ENABLE_OBJC_ARC = YES;
				CLANG_ENABLE_OBJC_WEAK = YES;
				CLANG_WARN_BLOCK_CAPTURE_AUTORELEASING = YES;
				CLANG_WARN_BOOL_CONVERSION = YES;
				CLANG_WARN_COMMA = YES;
				CLANG_WARN_CONSTANT_CONVERSION = YES;
				CLANG_WARN_DEPRECATED_OBJC_IMPLEMENTATIONS = YES;
				CLANG_WARN_DIRECT_OBJC_ISA_USAGE = YES_ERROR;
				CLANG_WARN_DOCUMENTATION_COMMENTS = YES;
				CLANG_WARN_EMPTY_BODY = YES;
				CLANG_WARN_ENUM_CONVERSION = YES;
				CLANG_WARN_INFINITE_RECURSION = YES;
				CLANG_WARN_INT_CONVERSION = YES;
				CLANG_WARN_NON_LITERAL_NULL_CONVERSION = YES;
				CLANG_WARN_OBJC_IMPLICIT_RETAIN_SELF = YES;
				CLANG_WARN_OBJC_LITERAL_CONVERSION = YES;
				CLANG_WARN_OBJC_ROOT_CLASS = YES_ERROR;
				CLANG_WARN_RANGE_LOOP_ANALYSIS = YES;
				CLANG_WARN_STRICT_PROTOTYPES = YES;
				CLANG_WARN_SUSPICIOUS_MOVE = YES;
				CLANG_WARN_UNGUARDED_AVAILABILITY = YES_AGGRESSIVE;
				CLANG_WARN_UNREACHABLE_CODE = YES;
				CLANG_WARN__DUPLICATE_METHOD_MATCH = YES;
				CODE_SIGN_IDENTITY = "iPhone Developer";
				COPY_PHASE_STRIP = NO;
				DEBUG_INFORMATION_FORMAT = dwarf;
				ENABLE_STRICT_OBJC_MSGSEND = YES;
				ENABLE_TESTABILITY = YES;
				GCC_C_LANGUAGE_STANDARD = gnu11;
				GCC_DYNAMIC_NO_PIC = NO;
				GCC_NO_COMMON_BLOCKS = YES;
				GCC_OPTIMIZATION_LEVEL = 0;
				GCC_PREPROCESSOR_DEFINITIONS = (
					"DEBUG=1",
					"$(inherited)",
				);
				GCC_WARN_64_TO_32_BIT_CONVERSION = YES;
				GCC_WARN_ABOUT_RETURN_TYPE = YES_ERROR;
				GCC_WARN_UNDECLARED_SELECTOR = YES;
				GCC_WARN_UNINITIALIZED_AUTOS = YES_AGGRESSIVE;
				GCC_WARN_UNUSED_FUNCTION = YES;
				GCC_WARN_UNUSED_VARIABLE = YES;
				IPHONEOS_DEPLOYMENT_TARGET = 12.1;
				MTL_ENABLE_DEBUG_INFO = INCLUDE_SOURCE;
				MTL_FAST_MATH = YES;
				ONLY_ACTIVE_ARCH = YES;
				SDKROOT = iphoneos;
				SWIFT_ACTIVE_COMPILATION_CONDITIONS = DEBUG;
				SWIFT_OPTIMIZATION_LEVEL = "-Onone";
			};
			name = Debug;
		};
		08447CB722157DA40008A1EA /* Release */ = {
			isa = XCBuildConfiguration;
			buildSettings = {
				ALWAYS_SEARCH_USER_PATHS = NO;
				CLANG_ANALYZER_NONNULL = YES;
				CLANG_ANALYZER_NUMBER_OBJECT_CONVERSION = YES_AGGRESSIVE;
				CLANG_CXX_LANGUAGE_STANDARD = "gnu++14";
				CLANG_CXX_LIBRARY = "libc++";
				CLANG_ENABLE_MODULES = YES;
				CLANG_ENABLE_OBJC_ARC = YES;
				CLANG_ENABLE_OBJC_WEAK = YES;
				CLANG_WARN_BLOCK_CAPTURE_AUTORELEASING = YES;
				CLANG_WARN_BOOL_CONVERSION = YES;
				CLANG_WARN_COMMA = YES;
				CLANG_WARN_CONSTANT_CONVERSION = YES;
				CLANG_WARN_DEPRECATED_OBJC_IMPLEMENTATIONS = YES;
				CLANG_WARN_DIRECT_OBJC_ISA_USAGE = YES_ERROR;
				CLANG_WARN_DOCUMENTATION_COMMENTS = YES;
				CLANG_WARN_EMPTY_BODY = YES;
				CLANG_WARN_ENUM_CONVERSION = YES;
				CLANG_WARN_INFINITE_RECURSION = YES;
				CLANG_WARN_INT_CONVERSION = YES;
				CLANG_WARN_NON_LITERAL_NULL_CONVERSION = YES;
				CLANG_WARN_OBJC_IMPLICIT_RETAIN_SELF = YES;
				CLANG_WARN_OBJC_LITERAL_CONVERSION = YES;
				CLANG_WARN_OBJC_ROOT_CLASS = YES_ERROR;
				CLANG_WARN_RANGE_LOOP_ANALYSIS = YES;
				CLANG_WARN_STRICT_PROTOTYPES = YES;
				CLANG_WARN_SUSPICIOUS_MOVE = YES;
				CLANG_WARN_UNGUARDED_AVAILABILITY = YES_AGGRESSIVE;
				CLANG_WARN_UNREACHABLE_CODE = YES;
				CLANG_WARN__DUPLICATE_METHOD_MATCH = YES;
				CODE_SIGN_IDENTITY = "iPhone Developer";
				COPY_PHASE_STRIP = NO;
				DEBUG_INFORMATION_FORMAT = "dwarf-with-dsym";
				ENABLE_NS_ASSERTIONS = NO;
				ENABLE_STRICT_OBJC_MSGSEND = YES;
				GCC_C_LANGUAGE_STANDARD = gnu11;
				GCC_NO_COMMON_BLOCKS = YES;
				GCC_WARN_64_TO_32_BIT_CONVERSION = YES;
				GCC_WARN_ABOUT_RETURN_TYPE = YES_ERROR;
				GCC_WARN_UNDECLARED_SELECTOR = YES;
				GCC_WARN_UNINITIALIZED_AUTOS = YES_AGGRESSIVE;
				GCC_WARN_UNUSED_FUNCTION = YES;
				GCC_WARN_UNUSED_VARIABLE = YES;
				IPHONEOS_DEPLOYMENT_TARGET = 12.1;
				MTL_ENABLE_DEBUG_INFO = NO;
				MTL_FAST_MATH = YES;
				SDKROOT = iphoneos;
				SWIFT_COMPILATION_MODE = wholemodule;
				SWIFT_OPTIMIZATION_LEVEL = "-O";
				VALIDATE_PRODUCT = YES;
			};
			name = Release;
		};
		08447CB922157DA40008A1EA /* Debug */ = {
			isa = XCBuildConfiguration;
			buildSettings = {
				ASSETCATALOG_COMPILER_APPICON_NAME = AppIcon;
				CODE_SIGN_STYLE = Automatic;
				DEVELOPMENT_TEAM = 7X399PPS2V;
				INFOPLIST_FILE = Checklists/Info.plist;
				LD_RUNPATH_SEARCH_PATHS = (
					"$(inherited)",
					"@executable_path/Frameworks",
				);
				PRODUCT_BUNDLE_IDENTIFIER = com.lp.iem.Checklists;
				PRODUCT_NAME = "$(TARGET_NAME)";
				SWIFT_VERSION = 4.2;
				TARGETED_DEVICE_FAMILY = "1,2";
			};
			name = Debug;
		};
		08447CBA22157DA40008A1EA /* Release */ = {
			isa = XCBuildConfiguration;
			buildSettings = {
				ASSETCATALOG_COMPILER_APPICON_NAME = AppIcon;
				CODE_SIGN_STYLE = Automatic;
				DEVELOPMENT_TEAM = 7X399PPS2V;
				INFOPLIST_FILE = Checklists/Info.plist;
				LD_RUNPATH_SEARCH_PATHS = (
					"$(inherited)",
					"@executable_path/Frameworks",
				);
				PRODUCT_BUNDLE_IDENTIFIER = com.lp.iem.Checklists;
				PRODUCT_NAME = "$(TARGET_NAME)";
				SWIFT_VERSION = 4.2;
				TARGETED_DEVICE_FAMILY = "1,2";
			};
			name = Release;
		};
/* End XCBuildConfiguration section */

/* Begin XCConfigurationList section */
		08447CA122157DA30008A1EA /* Build configuration list for PBXProject "Checklists" */ = {
			isa = XCConfigurationList;
			buildConfigurations = (
				08447CB622157DA40008A1EA /* Debug */,
				08447CB722157DA40008A1EA /* Release */,
			);
			defaultConfigurationIsVisible = 0;
			defaultConfigurationName = Release;
		};
		08447CB822157DA40008A1EA /* Build configuration list for PBXNativeTarget "Checklists" */ = {
			isa = XCConfigurationList;
			buildConfigurations = (
				08447CB922157DA40008A1EA /* Debug */,
				08447CBA22157DA40008A1EA /* Release */,
			);
			defaultConfigurationIsVisible = 0;
			defaultConfigurationName = Release;
		};
/* End XCConfigurationList section */
	};
	rootObject = 08447C9E22157DA30008A1EA /* Project object */;
}
